// !$*UTF8*$!
{
	archiveVersion = 1;
	classes = {
	};
	objectVersion = 46;
	objects = {

/* Begin PBXBuildFile section */
		5783C17C1926C69B0010AF47 /* LockFree.cpp in Sources */ = {isa = PBXBuildFile; fileRef = 5783C17A1926C69B0010AF47 /* LockFree.cpp */; };
		5792E35E19241C7200DC1ADD /* lockstack.h in Sources */ = {isa = PBXBuildFile; fileRef = 5792E35D19241C7200DC1ADD /* lockstack.h */; };
		5792E36019241C7200DC1ADD /* LockFree.1 in CopyFiles */ = {isa = PBXBuildFile; fileRef = 5792E35F19241C7200DC1ADD /* LockFree.1 */; };
/* End PBXBuildFile section */

/* Begin PBXCopyFilesBuildPhase section */
		5792E35819241C7200DC1ADD /* CopyFiles */ = {
			isa = PBXCopyFilesBuildPhase;
			buildActionMask = 2147483647;
			dstPath = /usr/share/man/man1/;
			dstSubfolderSpec = 0;
			files = (
				5792E36019241C7200DC1ADD /* LockFree.1 in CopyFiles */,
			);
			runOnlyForDeploymentPostprocessing = 1;
		};
/* End PBXCopyFilesBuildPhase section */

/* Begin PBXFileReference section */
		5783C17A1926C69B0010AF47 /* LockFree.cpp */ = {isa = PBXFileReference; fileEncoding = 4; lastKnownFileType = sourcecode.cpp.cpp; path = LockFree.cpp; sourceTree = "<group>"; };
		5783C17D19277CF30010AF47 /* lockfreestack_leak.h */ = {isa = PBXFileReference; lastKnownFileType = sourcecode.c.h; path = lockfreestack_leak.h; sourceTree = "<group>"; };
		5783C17E19277D260010AF47 /* spinlockedstack.h */ = {isa = PBXFileReference; lastKnownFileType = sourcecode.c.h; path = spinlockedstack.h; sourceTree = "<group>"; };
		5783C17F192D4AD50010AF47 /* lockfreestack_aba.h */ = {isa = PBXFileReference; lastKnownFileType = sourcecode.c.h; path = lockfreestack_aba.h; sourceTree = "<group>"; };
		5783C181192E96780010AF47 /* lockfreestack_tc.h */ = {isa = PBXFileReference; fileEncoding = 4; lastKnownFileType = sourcecode.c.h; path = lockfreestack_tc.h; sourceTree = "<group>"; };
		5783C182192EB5D00010AF47 /* lockfreestack_hp.h */ = {isa = PBXFileReference; fileEncoding = 4; lastKnownFileType = sourcecode.c.h; path = lockfreestack_hp.h; sourceTree = "<group>"; };
		5792E35A19241C7200DC1ADD /* LockFree */ = {isa = PBXFileReference; explicitFileType = "compiled.mach-o.executable"; includeInIndex = 0; path = LockFree; sourceTree = BUILT_PRODUCTS_DIR; };
		5792E35D19241C7200DC1ADD /* lockstack.h */ = {isa = PBXFileReference; lastKnownFileType = sourcecode.c.h; path = lockstack.h; sourceTree = "<group>"; };
		5792E35F19241C7200DC1ADD /* LockFree.1 */ = {isa = PBXFileReference; lastKnownFileType = text.man; path = LockFree.1; sourceTree = "<group>"; };
/* End PBXFileReference section */

/* Begin PBXFrameworksBuildPhase section */
		5792E35719241C7200DC1ADD /* Frameworks */ = {
			isa = PBXFrameworksBuildPhase;
			buildActionMask = 2147483647;
			files = (
			);
			runOnlyForDeploymentPostprocessing = 0;
		};
/* End PBXFrameworksBuildPhase section */

/* Begin PBXGroup section */
		5792E35119241C7200DC1ADD = {
			isa = PBXGroup;
			children = (
				5792E35C19241C7200DC1ADD /* LockFree */,
				5792E35B19241C7200DC1ADD /* Products */,
			);
			sourceTree = "<group>";
		};
		5792E35B19241C7200DC1ADD /* Products */ = {
			isa = PBXGroup;
			children = (
				5792E35A19241C7200DC1ADD /* LockFree */,
			);
			name = Products;
			sourceTree = "<group>";
		};
		5792E35C19241C7200DC1ADD /* LockFree */ = {
			isa = PBXGroup;
			children = (
				5783C182192EB5D00010AF47 /* lockfreestack_hp.h */,
				5783C181192E96780010AF47 /* lockfreestack_tc.h */,
				5792E35D19241C7200DC1ADD /* lockstack.h */,
				5792E35F19241C7200DC1ADD /* LockFree.1 */,
				5783C17A1926C69B0010AF47 /* LockFree.cpp */,
				5783C17D19277CF30010AF47 /* lockfreestack_leak.h */,
				5783C17E19277D260010AF47 /* spinlockedstack.h */,
				5783C17F192D4AD50010AF47 /* lockfreestack_aba.h */,
			);
			path = LockFree;
			sourceTree = "<group>";
		};
/* End PBXGroup section */

/* Begin PBXNativeTarget section */
		5792E35919241C7200DC1ADD /* LockFree */ = {
			isa = PBXNativeTarget;
			buildConfigurationList = 5792E36319241C7200DC1ADD /* Build configuration list for PBXNativeTarget "LockFree" */;
			buildPhases = (
				5792E35619241C7200DC1ADD /* Sources */,
				5792E35719241C7200DC1ADD /* Frameworks */,
				5792E35819241C7200DC1ADD /* CopyFiles */,
			);
			buildRules = (
			);
			dependencies = (
			);
			name = LockFree;
			productName = LockFree;
			productReference = 5792E35A19241C7200DC1ADD /* LockFree */;
			productType = "com.apple.product-type.tool";
		};
/* End PBXNativeTarget section */

/* Begin PBXProject section */
		5792E35219241C7200DC1ADD /* Project object */ = {
			isa = PBXProject;
			attributes = {
				LastUpgradeCheck = 0510;
				ORGANIZATIONNAME = home;
			};
			buildConfigurationList = 5792E35519241C7200DC1ADD /* Build configuration list for PBXProject "LockFree" */;
			compatibilityVersion = "Xcode 3.2";
			developmentRegion = English;
			hasScannedForEncodings = 0;
			knownRegions = (
				en,
			);
			mainGroup = 5792E35119241C7200DC1ADD;
			productRefGroup = 5792E35B19241C7200DC1ADD /* Products */;
			projectDirPath = "";
			projectRoot = "";
			targets = (
				5792E35919241C7200DC1ADD /* LockFree */,
			);
		};
/* End PBXProject section */

/* Begin PBXSourcesBuildPhase section */
		5792E35619241C7200DC1ADD /* Sources */ = {
			isa = PBXSourcesBuildPhase;
			buildActionMask = 2147483647;
			files = (
				5783C17C1926C69B0010AF47 /* LockFree.cpp in Sources */,
				5792E35E19241C7200DC1ADD /* lockstack.h in Sources */,
			);
			runOnlyForDeploymentPostprocessing = 0;
		};
/* End PBXSourcesBuildPhase section */

/* Begin XCBuildConfiguration section */
		5792E36119241C7200DC1ADD /* Debug */ = {
			isa = XCBuildConfiguration;
			buildSettings = {
				ALWAYS_SEARCH_USER_PATHS = NO;
				CLANG_CXX_LANGUAGE_STANDARD = "c++0x";
				CLANG_CXX_LIBRARY = "compiler-default";
				CLANG_ENABLE_MODULES = YES;
				CLANG_ENABLE_OBJC_ARC = YES;
				CLANG_WARN_BOOL_CONVERSION = YES;
				CLANG_WARN_CONSTANT_CONVERSION = YES;
				CLANG_WARN_DIRECT_OBJC_ISA_USAGE = YES_ERROR;
				CLANG_WARN_EMPTY_BODY = YES;
				CLANG_WARN_ENUM_CONVERSION = YES;
				CLANG_WARN_INT_CONVERSION = YES;
				CLANG_WARN_OBJC_ROOT_CLASS = YES_ERROR;
				CLANG_WARN__DUPLICATE_METHOD_MATCH = YES;
				COPY_PHASE_STRIP = NO;
				GCC_C_LANGUAGE_STANDARD = gnu99;
				GCC_DYNAMIC_NO_PIC = NO;
				GCC_ENABLE_OBJC_EXCEPTIONS = YES;
				GCC_OPTIMIZATION_LEVEL = 0;
				GCC_PREPROCESSOR_DEFINITIONS = (
					"DEBUG=1",
					"$(inherited)",
				);
				GCC_SYMBOLS_PRIVATE_EXTERN = NO;
				GCC_WARN_64_TO_32_BIT_CONVERSION = YES;
				GCC_WARN_ABOUT_RETURN_TYPE = YES_ERROR;
				GCC_WARN_UNDECLARED_SELECTOR = YES;
				GCC_WARN_UNINITIALIZED_AUTOS = YES_AGGRESSIVE;
				GCC_WARN_UNUSED_FUNCTION = YES;
				GCC_WARN_UNUSED_VARIABLE = YES;
				MACOSX_DEPLOYMENT_TARGET = 10.9;
				ONLY_ACTIVE_ARCH = YES;
				OTHER_CPLUSPLUSFLAGS = "$(OTHER_CFLAGS)";
				SDKROOT = macosx;
			};
			name = Debug;
		};
		5792E36219241C7200DC1ADD /* Release */ = {
			isa = XCBuildConfiguration;
			buildSettings = {
				ALWAYS_SEARCH_USER_PATHS = NO;
				CLANG_CXX_LANGUAGE_STANDARD = "c++0x";
				CLANG_CXX_LIBRARY = "compiler-default";
				CLANG_ENABLE_MODULES = YES;
				CLANG_ENABLE_OBJC_ARC = YES;
				CLANG_WARN_BOOL_CONVERSION = YES;
				CLANG_WARN_CONSTANT_CONVERSION = YES;
				CLANG_WARN_DIRECT_OBJC_ISA_USAGE = YES_ERROR;
				CLANG_WARN_EMPTY_BODY = YES;
				CLANG_WARN_ENUM_CONVERSION = YES;
				CLANG_WARN_INT_CONVERSION = YES;
				CLANG_WARN_OBJC_ROOT_CLASS = YES_ERROR;
				CLANG_WARN__DUPLICATE_METHOD_MATCH = YES;
				COPY_PHASE_STRIP = YES;
				DEBUG_INFORMATION_FORMAT = "dwarf-with-dsym";
				ENABLE_NS_ASSERTIONS = NO;
				GCC_C_LANGUAGE_STANDARD = gnu99;
				GCC_ENABLE_OBJC_EXCEPTIONS = YES;
				GCC_WARN_64_TO_32_BIT_CONVERSION = YES;
				GCC_WARN_ABOUT_RETURN_TYPE = YES_ERROR;
				GCC_WARN_UNDECLARED_SELECTOR = YES;
				GCC_WARN_UNINITIALIZED_AUTOS = YES_AGGRESSIVE;
				GCC_WARN_UNUSED_FUNCTION = YES;
				GCC_WARN_UNUSED_VARIABLE = YES;
				MACOSX_DEPLOYMENT_TARGET = 10.9;
				OTHER_CPLUSPLUSFLAGS = "$(OTHER_CFLAGS)";
				SDKROOT = macosx;
			};
			name = Release;
		};
		5792E36419241C7200DC1ADD /* Debug */ = {
			isa = XCBuildConfiguration;
			buildSettings = {
				GCC_C_LANGUAGE_STANDARD = "compiler-default";
				PRODUCT_NAME = "$(TARGET_NAME)";
			};
			name = Debug;
		};
		5792E36519241C7200DC1ADD /* Release */ = {
			isa = XCBuildConfiguration;
			buildSettings = {
				GCC_C_LANGUAGE_STANDARD = "compiler-default";
				PRODUCT_NAME = "$(TARGET_NAME)";
			};
			name = Release;
		};
/* End XCBuildConfiguration section */

/* Begin XCConfigurationList section */
		5792E35519241C7200DC1ADD /* Build configuration list for PBXProject "LockFree" */ = {
			isa = XCConfigurationList;
			buildConfigurations = (
				5792E36119241C7200DC1ADD /* Debug */,
				5792E36219241C7200DC1ADD /* Release */,
			);
			defaultConfigurationIsVisible = 0;
			defaultConfigurationName = Release;
		};
		5792E36319241C7200DC1ADD /* Build configuration list for PBXNativeTarget "LockFree" */ = {
			isa = XCConfigurationList;
			buildConfigurations = (
				5792E36419241C7200DC1ADD /* Debug */,
				5792E36519241C7200DC1ADD /* Release */,
			);
			defaultConfigurationIsVisible = 0;
			defaultConfigurationName = Release;
		};
/* End XCConfigurationList section */
	};
	rootObject = 5792E35219241C7200DC1ADD /* Project object */;
}
